
Microsoft Visual Studio Solution File, Format Version 12.00
# Visual Studio Version 17
VisualStudioVersion = 17.5.2.0
MinimumVisualStudioVersion = 10.0.40219.1
Project("{2150E333-8FDC-42A3-9474-1A3956D46DE8}") = "test", "test", "{0C88DD14-F956-CE84-757C-A364CCF449FC}"
EndProject
Project("{FAE04EC0-301F-11D3-BF4B-00C04F79EFBC}") = "HIDMaestroTest", "test\HIDMaestroTest.csproj", "{DD856E72-D970-E199-3B15-9FEC5C1AED77}"
EndProject
Project("{2150E333-8FDC-42A3-9474-1A3956D46DE8}") = "sdk", "sdk", "{FF13A09E-0E72-1904-124B-A4E979EF28D3}"
EndProject
Project("{FAE04EC0-301F-11D3-BF4B-00C04F79EFBC}") = "HIDMaestro.Core", "sdk\HIDMaestro.Core\HIDMaestro.Core.csproj", "{3EC7D241-FCCC-4E37-8491-0F703821C08B}"
EndProject
Project("{2150E333-8FDC-42A3-9474-1A3956D46DE8}") = "example", "example", "{1A2B3C4D-5E6F-7890-ABCD-EF1234567890}"
EndProject
Project("{FAE04EC0-301F-11D3-BF4B-00C04F79EFBC}") = "SdkDemo", "example\SdkDemo\SdkDemo.csproj", "{2B3C4D5E-6F70-8901-BCDE-F12345678901}"
EndProject
Global
	GlobalSection(SolutionConfigurationPlatforms) = preSolution
		Debug|Any CPU = Debug|Any CPU
		Debug|x64 = Debug|x64
		Debug|x86 = Debug|x86
		Release|Any CPU = Release|Any CPU
		Release|x64 = Release|x64
		Release|x86 = Release|x86
	EndGlobalSection
	GlobalSection(ProjectConfigurationPlatforms) = postSolution
		{DD856E72-D970-E199-3B15-9FEC5C1AED77}.Debug|Any CPU.ActiveCfg = Debug|Any CPU
		{DD856E72-D970-E199-3B15-9FEC5C1AED77}.Debug|Any CPU.Build.0 = Debug|Any CPU
		{DD856E72-D970-E199-3B15-9FEC5C1AED77}.Debug|x64.ActiveCfg = Debug|Any CPU
		{DD856E72-D970-E199-3B15-9FEC5C1AED77}.Debug|x64.Build.0 = Debug|Any CPU
		{DD856E72-D970-E199-3B15-9FEC5C1AED77}.Debug|x86.ActiveCfg = Debug|Any CPU
		{DD856E72-D970-E199-3B15-9FEC5C1AED77}.Debug|x86.Build.0 = Debug|Any CPU
		{DD856E72-D970-E199-3B15-9FEC5C1AED77}.Release|Any CPU.ActiveCfg = Release|Any CPU
		{DD856E72-D970-E199-3B15-9FEC5C1AED77}.Release|Any CPU.Build.0 = Release|Any CPU
		{DD856E72-D970-E199-3B15-9FEC5C1AED77}.Release|x64.ActiveCfg = Release|Any CPU
		{DD856E72-D970-E199-3B15-9FEC5C1AED77}.Release|x64.Build.0 = Release|Any CPU
		{DD856E72-D970-E199-3B15-9FEC5C1AED77}.Release|x86.ActiveCfg = Release|Any CPU
		{DD856E72-D970-E199-3B15-9FEC5C1AED77}.Release|x86.Build.0 = Release|Any CPU
		{3EC7D241-FCCC-4E37-8491-0F703821C08B}.Debug|Any CPU.ActiveCfg = Debug|Any CPU
		{3EC7D241-FCCC-4E37-8491-0F703821C08B}.Debug|Any CPU.Build.0 = Debug|Any CPU
		{3EC7D241-FCCC-4E37-8491-0F703821C08B}.Debug|x64.ActiveCfg = Debug|Any CPU
		{3EC7D241-FCCC-4E37-8491-0F703821C08B}.Debug|x64.Build.0 = Debug|Any CPU
		{3EC7D241-FCCC-4E37-8491-0F703821C08B}.Debug|x86.ActiveCfg = Debug|Any CPU
		{3EC7D241-FCCC-4E37-8491-0F703821C08B}.Debug|x86.Build.0 = Debug|Any CPU
		{3EC7D241-FCCC-4E37-8491-0F703821C08B}.Release|Any CPU.ActiveCfg = Release|Any CPU
		{3EC7D241-FCCC-4E37-8491-0F703821C08B}.Release|Any CPU.Build.0 = Release|Any CPU
		{3EC7D241-FCCC-4E37-8491-0F703821C08B}.Release|x64.ActiveCfg = Release|Any CPU
		{3EC7D241-FCCC-4E37-8491-0F703821C08B}.Release|x64.Build.0 = Release|Any CPU
		{3EC7D241-FCCC-4E37-8491-0F703821C08B}.Release|x86.ActiveCfg = Release|Any CPU
		{3EC7D241-FCCC-4E37-8491-0F703821C08B}.Release|x86.Build.0 = Release|Any CPU
		{2B3C4D5E-6F70-8901-BCDE-F12345678901}.Debug|Any CPU.ActiveCfg = Debug|Any CPU
		{2B3C4D5E-6F70-8901-BCDE-F12345678901}.Debug|Any CPU.Build.0 = Debug|Any CPU
		{2B3C4D5E-6F70-8901-BCDE-F12345678901}.Debug|x64.ActiveCfg = Debug|Any CPU
		{2B3C4D5E-6F70-8901-BCDE-F12345678901}.Debug|x64.Build.0 = Debug|Any CPU
		{2B3C4D5E-6F70-8901-BCDE-F12345678901}.Debug|x86.ActiveCfg = Debug|Any CPU
		{2B3C4D5E-6F70-8901-BCDE-F12345678901}.Debug|x86.Build.0 = Debug|Any CPU
		{2B3C4D5E-6F70-8901-BCDE-F12345678901}.Release|Any CPU.ActiveCfg = Release|Any CPU
		{2B3C4D5E-6F70-8901-BCDE-F12345678901}.Release|Any CPU.Build.0 = Release|Any CPU
		{2B3C4D5E-6F70-8901-BCDE-F12345678901}.Release|x64.ActiveCfg = Release|Any CPU
		{2B3C4D5E-6F70-8901-BCDE-F12345678901}.Release|x64.Build.0 = Release|Any CPU
		{2B3C4D5E-6F70-8901-BCDE-F12345678901}.Release|x86.ActiveCfg = Release|Any CPU
		{2B3C4D5E-6F70-8901-BCDE-F12345678901}.Release|x86.Build.0 = Release|Any CPU
	EndGlobalSection
	GlobalSection(SolutionProperties) = preSolution
		HideSolutionNode = FALSE
	EndGlobalSection
	GlobalSection(NestedProjects) = preSolution
		{DD856E72-D970-E199-3B15-9FEC5C1AED77} = {0C88DD14-F956-CE84-757C-A364CCF449FC}
		{3EC7D241-FCCC-4E37-8491-0F703821C08B} = {FF13A09E-0E72-1904-124B-A4E979EF28D3}
		{2B3C4D5E-6F70-8901-BCDE-F12345678901} = {1A2B3C4D-5E6F-7890-ABCD-EF1234567890}
	EndGlobalSection
	GlobalSection(ExtensibilityGlobals) = postSolution
		SolutionGuid = {632F9319-FEA2-4330-8F1A-D60671529905}
	EndGlobalSection
EndGlobal
